
Microsoft Visual Studio Solution File, Format Version 12.00
# Visual Studio 15
VisualStudioVersion = 15.0.27130.2027
MinimumVisualStudioVersion = 10.0.40219.1
Project("{9A19103F-16F7-4668-BE54-9A1E7A4F7556}") = "MedicineReminder.Api", "MedicineRemainder.Api\MedicineReminder.Api.csproj", "{551E0C73-F231-45CC-AD99-DF7D73943837}"
	ProjectSection(ProjectDependencies) = postProject
		{2C5CFD48-2F3A-48CF-9D05-40B6B837162A} = {2C5CFD48-2F3A-48CF-9D05-40B6B837162A}
		{4608F773-5A7C-4F9A-8686-3A51CB91BA83} = {4608F773-5A7C-4F9A-8686-3A51CB91BA83}
		{E28109B8-BA09-41DD-B3A7-FF3EADDA7039} = {E28109B8-BA09-41DD-B3A7-FF3EADDA7039}
		{B1B388DE-A405-4F1F-9C99-7719ACA09C8A} = {B1B388DE-A405-4F1F-9C99-7719ACA09C8A}
	EndProjectSection
EndProject
Project("{9A19103F-16F7-4668-BE54-9A1E7A4F7556}") = "MedicineReminder.Core", "MedicineRemainder.Core\MedicineReminder.Core.csproj", "{E28109B8-BA09-41DD-B3A7-FF3EADDA7039}"
EndProject
Project("{9A19103F-16F7-4668-BE54-9A1E7A4F7556}") = "MedicineReminder.Data", "MedicineRemainder.Data\MedicineReminder.Data.csproj", "{4608F773-5A7C-4F9A-8686-3A51CB91BA83}"
	ProjectSection(ProjectDependencies) = postProject
		{E28109B8-BA09-41DD-B3A7-FF3EADDA7039} = {E28109B8-BA09-41DD-B3A7-FF3EADDA7039}
	EndProjectSection
EndProject
Project("{FAE04EC0-301F-11D3-BF4B-00C04F79EFBC}") = "Device.Android", "Device\Device.Android\Device.Android.csproj", "{2C5CFD48-2F3A-48CF-9D05-40B6B837162A}"
EndProject
Project("{FAE04EC0-301F-11D3-BF4B-00C04F79EFBC}") = "Device", "Device\Device\Device.csproj", "{B1B388DE-A405-4F1F-9C99-7719ACA09C8A}"
EndProject
Global
	GlobalSection(SolutionConfigurationPlatforms) = preSolution
		Ad-Hoc|Any CPU = Ad-Hoc|Any CPU
		Ad-Hoc|iPhone = Ad-Hoc|iPhone
		Ad-Hoc|iPhoneSimulator = Ad-Hoc|iPhoneSimulator
		AppStore|Any CPU = AppStore|Any CPU
		AppStore|iPhone = AppStore|iPhone
		AppStore|iPhoneSimulator = AppStore|iPhoneSimulator
		Debug|Any CPU = Debug|Any CPU
		Debug|iPhone = Debug|iPhone
		Debug|iPhoneSimulator = Debug|iPhoneSimulator
		Release|Any CPU = Release|Any CPU
		Release|iPhone = Release|iPhone
		Release|iPhoneSimulator = Release|iPhoneSimulator
	EndGlobalSection
	GlobalSection(ProjectConfigurationPlatforms) = postSolution
		{551E0C73-F231-45CC-AD99-DF7D73943837}.Ad-Hoc|Any CPU.ActiveCfg = Release|Any CPU
		{551E0C73-F231-45CC-AD99-DF7D73943837}.Ad-Hoc|Any CPU.Build.0 = Release|Any CPU
		{551E0C73-F231-45CC-AD99-DF7D73943837}.Ad-Hoc|iPhone.ActiveCfg = Release|Any CPU
		{551E0C73-F231-45CC-AD99-DF7D73943837}.Ad-Hoc|iPhone.Build.0 = Release|Any CPU
		{551E0C73-F231-45CC-AD99-DF7D73943837}.Ad-Hoc|iPhoneSimulator.ActiveCfg = Release|Any CPU
		{551E0C73-F231-45CC-AD99-DF7D73943837}.Ad-Hoc|iPhoneSimulator.Build.0 = Release|Any CPU
		{551E0C73-F231-45CC-AD99-DF7D73943837}.AppStore|Any CPU.ActiveCfg = Release|Any CPU
		{551E0C73-F231-45CC-AD99-DF7D73943837}.AppStore|Any CPU.Build.0 = Release|Any CPU
		{551E0C73-F231-45CC-AD99-DF7D73943837}.AppStore|iPhone.ActiveCfg = Release|Any CPU
		{551E0C73-F231-45CC-AD99-DF7D73943837}.AppStore|iPhone.Build.0 = Release|Any CPU
		{551E0C73-F231-45CC-AD99-DF7D73943837}.AppStore|iPhoneSimulator.ActiveCfg = Release|Any CPU
		{551E0C73-F231-45CC-AD99-DF7D73943837}.AppStore|iPhoneSimulator.Build.0 = Release|Any CPU
		{551E0C73-F231-45CC-AD99-DF7D73943837}.Debug|Any CPU.ActiveCfg = Debug|Any CPU
		{551E0C73-F231-45CC-AD99-DF7D73943837}.Debug|Any CPU.Build.0 = Debug|Any CPU
		{551E0C73-F231-45CC-AD99-DF7D73943837}.Debug|iPhone.ActiveCfg = Debug|Any CPU
		{551E0C73-F231-45CC-AD99-DF7D73943837}.Debug|iPhone.Build.0 = Debug|Any CPU
		{551E0C73-F231-45CC-AD99-DF7D73943837}.Debug|iPhoneSimulator.ActiveCfg = Debug|Any CPU
		{551E0C73-F231-45CC-AD99-DF7D73943837}.Debug|iPhoneSimulator.Build.0 = Debug|Any CPU
		{551E0C73-F231-45CC-AD99-DF7D73943837}.Release|Any CPU.ActiveCfg = Release|Any CPU
		{551E0C73-F231-45CC-AD99-DF7D73943837}.Release|Any CPU.Build.0 = Release|Any CPU
		{551E0C73-F231-45CC-AD99-DF7D73943837}.Release|iPhone.ActiveCfg = Release|Any CPU
		{551E0C73-F231-45CC-AD99-DF7D73943837}.Release|iPhone.Build.0 = Release|Any CPU
		{551E0C73-F231-45CC-AD99-DF7D73943837}.Release|iPhoneSimulator.ActiveCfg = Release|Any CPU
		{551E0C73-F231-45CC-AD99-DF7D73943837}.Release|iPhoneSimulator.Build.0 = Release|Any CPU
		{E28109B8-BA09-41DD-B3A7-FF3EADDA7039}.Ad-Hoc|Any CPU.ActiveCfg = Release|Any CPU
		{E28109B8-BA09-41DD-B3A7-FF3EADDA7039}.Ad-Hoc|Any CPU.Build.0 = Release|Any CPU
		{E28109B8-BA09-41DD-B3A7-FF3EADDA7039}.Ad-Hoc|iPhone.ActiveCfg = Release|Any CPU
		{E28109B8-BA09-41DD-B3A7-FF3EADDA7039}.Ad-Hoc|iPhone.Build.0 = Release|Any CPU
		{E28109B8-BA09-41DD-B3A7-FF3EADDA7039}.Ad-Hoc|iPhoneSimulator.ActiveCfg = Release|Any CPU
		{E28109B8-BA09-41DD-B3A7-FF3EADDA7039}.Ad-Hoc|iPhoneSimulator.Build.0 = Release|Any CPU
		{E28109B8-BA09-41DD-B3A7-FF3EADDA7039}.AppStore|Any CPU.ActiveCfg = Release|Any CPU
		{E28109B8-BA09-41DD-B3A7-FF3EADDA7039}.AppStore|Any CPU.Build.0 = Release|Any CPU
		{E28109B8-BA09-41DD-B3A7-FF3EADDA7039}.AppStore|iPhone.ActiveCfg = Release|Any CPU
		{E28109B8-BA09-41DD-B3A7-FF3EADDA7039}.AppStore|iPhone.Build.0 = Release|Any CPU
		{E28109B8-BA09-41DD-B3A7-FF3EADDA7039}.AppStore|iPhoneSimulator.ActiveCfg = Release|Any CPU
		{E28109B8-BA09-41DD-B3A7-FF3EADDA7039}.AppStore|iPhoneSimulator.Build.0 = Release|Any CPU
		{E28109B8-BA09-41DD-B3A7-FF3EADDA7039}.Debug|Any CPU.ActiveCfg = Debug|Any CPU
		{E28109B8-BA09-41DD-B3A7-FF3EADDA7039}.Debug|Any CPU.Build.0 = Debug|Any CPU
		{E28109B8-BA09-41DD-B3A7-FF3EADDA7039}.Debug|iPhone.ActiveCfg = Debug|Any CPU
		{E28109B8-BA09-41DD-B3A7-FF3EADDA7039}.Debug|iPhone.Build.0 = Debug|Any CPU
		{E28109B8-BA09-41DD-B3A7-FF3EADDA7039}.Debug|iPhoneSimulator.ActiveCfg = Debug|Any CPU
		{E28109B8-BA09-41DD-B3A7-FF3EADDA7039}.Debug|iPhoneSimulator.Build.0 = Debug|Any CPU
		{E28109B8-BA09-41DD-B3A7-FF3EADDA7039}.Release|Any CPU.ActiveCfg = Release|Any CPU
		{E28109B8-BA09-41DD-B3A7-FF3EADDA7039}.Release|Any CPU.Build.0 = Release|Any CPU
		{E28109B8-BA09-41DD-B3A7-FF3EADDA7039}.Release|iPhone.ActiveCfg = Release|Any CPU
		{E28109B8-BA09-41DD-B3A7-FF3EADDA7039}.Release|iPhone.Build.0 = Release|Any CPU
		{E28109B8-BA09-41DD-B3A7-FF3EADDA7039}.Release|iPhoneSimulator.ActiveCfg = Release|Any CPU
		{E28109B8-BA09-41DD-B3A7-FF3EADDA7039}.Release|iPhoneSimulator.Build.0 = Release|Any CPU
		{4608F773-5A7C-4F9A-8686-3A51CB91BA83}.Ad-Hoc|Any CPU.ActiveCfg = Release|Any CPU
		{4608F773-5A7C-4F9A-8686-3A51CB91BA83}.Ad-Hoc|Any CPU.Build.0 = Release|Any CPU
		{4608F773-5A7C-4F9A-8686-3A51CB91BA83}.Ad-Hoc|iPhone.ActiveCfg = Release|Any CPU
		{4608F773-5A7C-4F9A-8686-3A51CB91BA83}.Ad-Hoc|iPhone.Build.0 = Release|Any CPU
		{4608F773-5A7C-4F9A-8686-3A51CB91BA83}.Ad-Hoc|iPhoneSimulator.ActiveCfg = Release|Any CPU
		{4608F773-5A7C-4F9A-8686-3A51CB91BA83}.Ad-Hoc|iPhoneSimulator.Build.0 = Release|Any CPU
		{4608F773-5A7C-4F9A-8686-3A51CB91BA83}.AppStore|Any CPU.ActiveCfg = Release|Any CPU
		{4608F773-5A7C-4F9A-8686-3A51CB91BA83}.AppStore|Any CPU.Build.0 = Release|Any CPU
		{4608F773-5A7C-4F9A-8686-3A51CB91BA83}.AppStore|iPhone.ActiveCfg = Release|Any CPU
		{4608F773-5A7C-4F9A-8686-3A51CB91BA83}.AppStore|iPhone.Build.0 = Release|Any CPU
		{4608F773-5A7C-4F9A-8686-3A51CB91BA83}.AppStore|iPhoneSimulator.ActiveCfg = Release|Any CPU
		{4608F773-5A7C-4F9A-8686-3A51CB91BA83}.AppStore|iPhoneSimulator.Build.0 = Release|Any CPU
		{4608F773-5A7C-4F9A-8686-3A51CB91BA83}.Debug|Any CPU.ActiveCfg = Debug|Any CPU
		{4608F773-5A7C-4F9A-8686-3A51CB91BA83}.Debug|Any CPU.Build.0 = Debug|Any CPU
		{4608F773-5A7C-4F9A-8686-3A51CB91BA83}.Debug|iPhone.ActiveCfg = Debug|Any CPU
		{4608F773-5A7C-4F9A-8686-3A51CB91BA83}.Debug|iPhone.Build.0 = Debug|Any CPU
		{4608F773-5A7C-4F9A-8686-3A51CB91BA83}.Debug|iPhoneSimulator.ActiveCfg = Debug|Any CPU
		{4608F773-5A7C-4F9A-8686-3A51CB91BA83}.Debug|iPhoneSimulator.Build.0 = Debug|Any CPU
		{4608F773-5A7C-4F9A-8686-3A51CB91BA83}.Release|Any CPU.ActiveCfg = Release|Any CPU
		{4608F773-5A7C-4F9A-8686-3A51CB91BA83}.Release|Any CPU.Build.0 = Release|Any CPU
		{4608F773-5A7C-4F9A-8686-3A51CB91BA83}.Release|iPhone.ActiveCfg = Release|Any CPU
		{4608F773-5A7C-4F9A-8686-3A51CB91BA83}.Release|iPhone.Build.0 = Release|Any CPU
		{4608F773-5A7C-4F9A-8686-3A51CB91BA83}.Release|iPhoneSimulator.ActiveCfg = Release|Any CPU
		{4608F773-5A7C-4F9A-8686-3A51CB91BA83}.Release|iPhoneSimulator.Build.0 = Release|Any CPU
		{2C5CFD48-2F3A-48CF-9D05-40B6B837162A}.Ad-Hoc|Any CPU.ActiveCfg = Release|Any CPU
		{2C5CFD48-2F3A-48CF-9D05-40B6B837162A}.Ad-Hoc|Any CPU.Build.0 = Release|Any CPU
		{2C5CFD48-2F3A-48CF-9D05-40B6B837162A}.Ad-Hoc|Any CPU.Deploy.0 = Release|Any CPU
		{2C5CFD48-2F3A-48CF-9D05-40B6B837162A}.Ad-Hoc|iPhone.ActiveCfg = Release|Any CPU
		{2C5CFD48-2F3A-48CF-9D05-40B6B837162A}.Ad-Hoc|iPhone.Build.0 = Release|Any CPU
		{2C5CFD48-2F3A-48CF-9D05-40B6B837162A}.Ad-Hoc|iPhone.Deploy.0 = Release|Any CPU
		{2C5CFD48-2F3A-48CF-9D05-40B6B837162A}.Ad-Hoc|iPhoneSimulator.ActiveCfg = Release|Any CPU
		{2C5CFD48-2F3A-48CF-9D05-40B6B837162A}.Ad-Hoc|iPhoneSimulator.Build.0 = Release|Any CPU
		{2C5CFD48-2F3A-48CF-9D05-40B6B837162A}.Ad-Hoc|iPhoneSimulator.Deploy.0 = Release|Any CPU
		{2C5CFD48-2F3A-48CF-9D05-40B6B837162A}.AppStore|Any CPU.ActiveCfg = Release|Any CPU
		{2C5CFD48-2F3A-48CF-9D05-40B6B837162A}.AppStore|Any CPU.Build.0 = Release|Any CPU
		{2C5CFD48-2F3A-48CF-9D05-40B6B837162A}.AppStore|Any CPU.Deploy.0 = Release|Any CPU
		{2C5CFD48-2F3A-48CF-9D05-40B6B837162A}.AppStore|iPhone.ActiveCfg = Release|Any CPU
		{2C5CFD48-2F3A-48CF-9D05-40B6B837162A}.AppStore|iPhone.Build.0 = Release|Any CPU
		{2C5CFD48-2F3A-48CF-9D05-40B6B837162A}.AppStore|iPhone.Deploy.0 = Release|Any CPU
		{2C5CFD48-2F3A-48CF-9D05-40B6B837162A}.AppStore|iPhoneSimulator.ActiveCfg = Release|Any CPU
		{2C5CFD48-2F3A-48CF-9D05-40B6B837162A}.AppStore|iPhoneSimulator.Build.0 = Release|Any CPU
		{2C5CFD48-2F3A-48CF-9D05-40B6B837162A}.AppStore|iPhoneSimulator.Deploy.0 = Release|Any CPU
		{2C5CFD48-2F3A-48CF-9D05-40B6B837162A}.Debug|Any CPU.ActiveCfg = Debug|Any CPU
		{2C5CFD48-2F3A-48CF-9D05-40B6B837162A}.Debug|Any CPU.Build.0 = Debug|Any CPU
		{2C5CFD48-2F3A-48CF-9D05-40B6B837162A}.Debug|Any CPU.Deploy.0 = Debug|Any CPU
		{2C5CFD48-2F3A-48CF-9D05-40B6B837162A}.Debug|iPhone.ActiveCfg = Debug|Any CPU
		{2C5CFD48-2F3A-48CF-9D05-40B6B837162A}.Debug|iPhone.Build.0 = Debug|Any CPU
		{2C5CFD48-2F3A-48CF-9D05-40B6B837162A}.Debug|iPhone.Deploy.0 = Debug|Any CPU
		{2C5CFD48-2F3A-48CF-9D05-40B6B837162A}.Debug|iPhoneSimulator.ActiveCfg = Debug|Any CPU
		{2C5CFD48-2F3A-48CF-9D05-40B6B837162A}.Debug|iPhoneSimulator.Build.0 = Debug|Any CPU
		{2C5CFD48-2F3A-48CF-9D05-40B6B837162A}.Debug|iPhoneSimulator.Deploy.0 = Debug|Any CPU
		{2C5CFD48-2F3A-48CF-9D05-40B6B837162A}.Release|Any CPU.ActiveCfg = Release|Any CPU
		{2C5CFD48-2F3A-48CF-9D05-40B6B837162A}.Release|Any CPU.Build.0 = Release|Any CPU
		{2C5CFD48-2F3A-48CF-9D05-40B6B837162A}.Release|Any CPU.Deploy.0 = Release|Any CPU
		{2C5CFD48-2F3A-48CF-9D05-40B6B837162A}.Release|iPhone.ActiveCfg = Release|Any CPU
		{2C5CFD48-2F3A-48CF-9D05-40B6B837162A}.Release|iPhone.Build.0 = Release|Any CPU
		{2C5CFD48-2F3A-48CF-9D05-40B6B837162A}.Release|iPhone.Deploy.0 = Release|Any CPU
		{2C5CFD48-2F3A-48CF-9D05-40B6B837162A}.Release|iPhoneSimulator.ActiveCfg = Release|Any CPU
		{2C5CFD48-2F3A-48CF-9D05-40B6B837162A}.Release|iPhoneSimulator.Build.0 = Release|Any CPU
		{2C5CFD48-2F3A-48CF-9D05-40B6B837162A}.Release|iPhoneSimulator.Deploy.0 = Release|Any CPU
		{B1B388DE-A405-4F1F-9C99-7719ACA09C8A}.Ad-Hoc|Any CPU.ActiveCfg = Debug|Any CPU
		{B1B388DE-A405-4F1F-9C99-7719ACA09C8A}.Ad-Hoc|Any CPU.Build.0 = Debug|Any CPU
		{B1B388DE-A405-4F1F-9C99-7719ACA09C8A}.Ad-Hoc|iPhone.ActiveCfg = Debug|Any CPU
		{B1B388DE-A405-4F1F-9C99-7719ACA09C8A}.Ad-Hoc|iPhone.Build.0 = Debug|Any CPU
		{B1B388DE-A405-4F1F-9C99-7719ACA09C8A}.Ad-Hoc|iPhoneSimulator.ActiveCfg = Debug|Any CPU
		{B1B388DE-A405-4F1F-9C99-7719ACA09C8A}.Ad-Hoc|iPhoneSimulator.Build.0 = Debug|Any CPU
		{B1B388DE-A405-4F1F-9C99-7719ACA09C8A}.AppStore|Any CPU.ActiveCfg = Debug|Any CPU
		{B1B388DE-A405-4F1F-9C99-7719ACA09C8A}.AppStore|Any CPU.Build.0 = Debug|Any CPU
		{B1B388DE-A405-4F1F-9C99-7719ACA09C8A}.AppStore|iPhone.ActiveCfg = Debug|Any CPU
		{B1B388DE-A405-4F1F-9C99-7719ACA09C8A}.AppStore|iPhone.Build.0 = Debug|Any CPU
		{B1B388DE-A405-4F1F-9C99-7719ACA09C8A}.AppStore|iPhoneSimulator.ActiveCfg = Debug|Any CPU
		{B1B388DE-A405-4F1F-9C99-7719ACA09C8A}.AppStore|iPhoneSimulator.Build.0 = Debug|Any CPU
		{B1B388DE-A405-4F1F-9C99-7719ACA09C8A}.Debug|Any CPU.ActiveCfg = Debug|Any CPU
		{B1B388DE-A405-4F1F-9C99-7719ACA09C8A}.Debug|Any CPU.Build.0 = Debug|Any CPU
		{B1B388DE-A405-4F1F-9C99-7719ACA09C8A}.Debug|iPhone.ActiveCfg = Debug|Any CPU
		{B1B388DE-A405-4F1F-9C99-7719ACA09C8A}.Debug|iPhone.Build.0 = Debug|Any CPU
		{B1B388DE-A405-4F1F-9C99-7719ACA09C8A}.Debug|iPhoneSimulator.ActiveCfg = Debug|Any CPU
		{B1B388DE-A405-4F1F-9C99-7719ACA09C8A}.Debug|iPhoneSimulator.Build.0 = Debug|Any CPU
		{B1B388DE-A405-4F1F-9C99-7719ACA09C8A}.Release|Any CPU.ActiveCfg = Release|Any CPU
		{B1B388DE-A405-4F1F-9C99-7719ACA09C8A}.Release|Any CPU.Build.0 = Release|Any CPU
		{B1B388DE-A405-4F1F-9C99-7719ACA09C8A}.Release|iPhone.ActiveCfg = Release|Any CPU
		{B1B388DE-A405-4F1F-9C99-7719ACA09C8A}.Release|iPhone.Build.0 = Release|Any CPU
		{B1B388DE-A405-4F1F-9C99-7719ACA09C8A}.Release|iPhoneSimulator.ActiveCfg = Release|Any CPU
		{B1B388DE-A405-4F1F-9C99-7719ACA09C8A}.Release|iPhoneSimulator.Build.0 = Release|Any CPU
	EndGlobalSection
	GlobalSection(SolutionProperties) = preSolution
		HideSolutionNode = FALSE
	EndGlobalSection
	GlobalSection(ExtensibilityGlobals) = postSolution
		SolutionGuid = {EA0701A0-550F-4D6F-810B-443DA304548F}
	EndGlobalSection
EndGlobal
