
Microsoft Visual Studio Solution File, Format Version 12.00
# Visual Studio 15
VisualStudioVersion = 15.0.27130.2027
MinimumVisualStudioVersion = 10.0.40219.1
Project("{9A19103F-16F7-4668-BE54-9A1E7A4F7556}") = "MedicineReminder.Api", "MedicineRemainder.Api\MedicineReminder.Api.csproj", "{551E0C73-F231-45CC-AD99-DF7D73943837}"
	ProjectSection(ProjectDependencies) = postProject
		{4608F773-5A7C-4F9A-8686-3A51CB91BA83} = {4608F773-5A7C-4F9A-8686-3A51CB91BA83}
		{E28109B8-BA09-41DD-B3A7-FF3EADDA7039} = {E28109B8-BA09-41DD-B3A7-FF3EADDA7039}
	EndProjectSection
EndProject
Project("{9A19103F-16F7-4668-BE54-9A1E7A4F7556}") = "MedicineReminder.Core", "MedicineRemainder.Core\MedicineReminder.Core.csproj", "{E28109B8-BA09-41DD-B3A7-FF3EADDA7039}"
EndProject
Project("{9A19103F-16F7-4668-BE54-9A1E7A4F7556}") = "MedicineReminder.Data", "MedicineRemainder.Data\MedicineReminder.Data.csproj", "{4608F773-5A7C-4F9A-8686-3A51CB91BA83}"
	ProjectSection(ProjectDependencies) = postProject
		{5B02DEB3-1ED6-46F5-AF96-57EF7DAC9BFB} = {5B02DEB3-1ED6-46F5-AF96-57EF7DAC9BFB}
		{E28109B8-BA09-41DD-B3A7-FF3EADDA7039} = {E28109B8-BA09-41DD-B3A7-FF3EADDA7039}
	EndProjectSection
EndProject
Project("{FAE04EC0-301F-11D3-BF4B-00C04F79EFBC}") = "ExternalDevice.Android", "ExternalDevice\ExternalDevice.Android\ExternalDevice.Android.csproj", "{C0187F30-76F2-472A-90E3-5F354EA58DDF}"
EndProject
Project("{FAE04EC0-301F-11D3-BF4B-00C04F79EFBC}") = "ExternalDevice.iOS", "ExternalDevice\ExternalDevice.iOS\ExternalDevice.iOS.csproj", "{9D179DDC-A3E0-49DC-A66B-9DFFF37C2DBC}"
EndProject
Project("{9A19103F-16F7-4668-BE54-9A1E7A4F7556}") = "ExternalDevice", "ExternalDevice\ExternalDevice\ExternalDevice.csproj", "{5B02DEB3-1ED6-46F5-AF96-57EF7DAC9BFB}"
EndProject
Global
	GlobalSection(SolutionConfigurationPlatforms) = preSolution
		Ad-Hoc|Any CPU = Ad-Hoc|Any CPU
		Ad-Hoc|iPhone = Ad-Hoc|iPhone
		Ad-Hoc|iPhoneSimulator = Ad-Hoc|iPhoneSimulator
		AppStore|Any CPU = AppStore|Any CPU
		AppStore|iPhone = AppStore|iPhone
		AppStore|iPhoneSimulator = AppStore|iPhoneSimulator
		Debug|Any CPU = Debug|Any CPU
		Debug|iPhone = Debug|iPhone
		Debug|iPhoneSimulator = Debug|iPhoneSimulator
		Release|Any CPU = Release|Any CPU
		Release|iPhone = Release|iPhone
		Release|iPhoneSimulator = Release|iPhoneSimulator
	EndGlobalSection
	GlobalSection(ProjectConfigurationPlatforms) = postSolution
		{551E0C73-F231-45CC-AD99-DF7D73943837}.Ad-Hoc|Any CPU.ActiveCfg = Release|Any CPU
		{551E0C73-F231-45CC-AD99-DF7D73943837}.Ad-Hoc|Any CPU.Build.0 = Release|Any CPU
		{551E0C73-F231-45CC-AD99-DF7D73943837}.Ad-Hoc|iPhone.ActiveCfg = Release|Any CPU
		{551E0C73-F231-45CC-AD99-DF7D73943837}.Ad-Hoc|iPhone.Build.0 = Release|Any CPU
		{551E0C73-F231-45CC-AD99-DF7D73943837}.Ad-Hoc|iPhoneSimulator.ActiveCfg = Release|Any CPU
		{551E0C73-F231-45CC-AD99-DF7D73943837}.Ad-Hoc|iPhoneSimulator.Build.0 = Release|Any CPU
		{551E0C73-F231-45CC-AD99-DF7D73943837}.AppStore|Any CPU.ActiveCfg = Release|Any CPU
		{551E0C73-F231-45CC-AD99-DF7D73943837}.AppStore|Any CPU.Build.0 = Release|Any CPU
		{551E0C73-F231-45CC-AD99-DF7D73943837}.AppStore|iPhone.ActiveCfg = Release|Any CPU
		{551E0C73-F231-45CC-AD99-DF7D73943837}.AppStore|iPhone.Build.0 = Release|Any CPU
		{551E0C73-F231-45CC-AD99-DF7D73943837}.AppStore|iPhoneSimulator.ActiveCfg = Release|Any CPU
		{551E0C73-F231-45CC-AD99-DF7D73943837}.AppStore|iPhoneSimulator.Build.0 = Release|Any CPU
		{551E0C73-F231-45CC-AD99-DF7D73943837}.Debug|Any CPU.ActiveCfg = Debug|Any CPU
		{551E0C73-F231-45CC-AD99-DF7D73943837}.Debug|Any CPU.Build.0 = Debug|Any CPU
		{551E0C73-F231-45CC-AD99-DF7D73943837}.Debug|iPhone.ActiveCfg = Debug|Any CPU
		{551E0C73-F231-45CC-AD99-DF7D73943837}.Debug|iPhone.Build.0 = Debug|Any CPU
		{551E0C73-F231-45CC-AD99-DF7D73943837}.Debug|iPhoneSimulator.ActiveCfg = Debug|Any CPU
		{551E0C73-F231-45CC-AD99-DF7D73943837}.Debug|iPhoneSimulator.Build.0 = Debug|Any CPU
		{551E0C73-F231-45CC-AD99-DF7D73943837}.Release|Any CPU.ActiveCfg = Release|Any CPU
		{551E0C73-F231-45CC-AD99-DF7D73943837}.Release|Any CPU.Build.0 = Release|Any CPU
		{551E0C73-F231-45CC-AD99-DF7D73943837}.Release|iPhone.ActiveCfg = Release|Any CPU
		{551E0C73-F231-45CC-AD99-DF7D73943837}.Release|iPhone.Build.0 = Release|Any CPU
		{551E0C73-F231-45CC-AD99-DF7D73943837}.Release|iPhoneSimulator.ActiveCfg = Release|Any CPU
		{551E0C73-F231-45CC-AD99-DF7D73943837}.Release|iPhoneSimulator.Build.0 = Release|Any CPU
		{E28109B8-BA09-41DD-B3A7-FF3EADDA7039}.Ad-Hoc|Any CPU.ActiveCfg = Release|Any CPU
		{E28109B8-BA09-41DD-B3A7-FF3EADDA7039}.Ad-Hoc|Any CPU.Build.0 = Release|Any CPU
		{E28109B8-BA09-41DD-B3A7-FF3EADDA7039}.Ad-Hoc|iPhone.ActiveCfg = Release|Any CPU
		{E28109B8-BA09-41DD-B3A7-FF3EADDA7039}.Ad-Hoc|iPhone.Build.0 = Release|Any CPU
		{E28109B8-BA09-41DD-B3A7-FF3EADDA7039}.Ad-Hoc|iPhoneSimulator.ActiveCfg = Release|Any CPU
		{E28109B8-BA09-41DD-B3A7-FF3EADDA7039}.Ad-Hoc|iPhoneSimulator.Build.0 = Release|Any CPU
		{E28109B8-BA09-41DD-B3A7-FF3EADDA7039}.AppStore|Any CPU.ActiveCfg = Release|Any CPU
		{E28109B8-BA09-41DD-B3A7-FF3EADDA7039}.AppStore|Any CPU.Build.0 = Release|Any CPU
		{E28109B8-BA09-41DD-B3A7-FF3EADDA7039}.AppStore|iPhone.ActiveCfg = Release|Any CPU
		{E28109B8-BA09-41DD-B3A7-FF3EADDA7039}.AppStore|iPhone.Build.0 = Release|Any CPU
		{E28109B8-BA09-41DD-B3A7-FF3EADDA7039}.AppStore|iPhoneSimulator.ActiveCfg = Release|Any CPU
		{E28109B8-BA09-41DD-B3A7-FF3EADDA7039}.AppStore|iPhoneSimulator.Build.0 = Release|Any CPU
		{E28109B8-BA09-41DD-B3A7-FF3EADDA7039}.Debug|Any CPU.ActiveCfg = Debug|Any CPU
		{E28109B8-BA09-41DD-B3A7-FF3EADDA7039}.Debug|Any CPU.Build.0 = Debug|Any CPU
		{E28109B8-BA09-41DD-B3A7-FF3EADDA7039}.Debug|iPhone.ActiveCfg = Debug|Any CPU
		{E28109B8-BA09-41DD-B3A7-FF3EADDA7039}.Debug|iPhone.Build.0 = Debug|Any CPU
		{E28109B8-BA09-41DD-B3A7-FF3EADDA7039}.Debug|iPhoneSimulator.ActiveCfg = Debug|Any CPU
		{E28109B8-BA09-41DD-B3A7-FF3EADDA7039}.Debug|iPhoneSimulator.Build.0 = Debug|Any CPU
		{E28109B8-BA09-41DD-B3A7-FF3EADDA7039}.Release|Any CPU.ActiveCfg = Release|Any CPU
		{E28109B8-BA09-41DD-B3A7-FF3EADDA7039}.Release|Any CPU.Build.0 = Release|Any CPU
		{E28109B8-BA09-41DD-B3A7-FF3EADDA7039}.Release|iPhone.ActiveCfg = Release|Any CPU
		{E28109B8-BA09-41DD-B3A7-FF3EADDA7039}.Release|iPhone.Build.0 = Release|Any CPU
		{E28109B8-BA09-41DD-B3A7-FF3EADDA7039}.Release|iPhoneSimulator.ActiveCfg = Release|Any CPU
		{E28109B8-BA09-41DD-B3A7-FF3EADDA7039}.Release|iPhoneSimulator.Build.0 = Release|Any CPU
		{4608F773-5A7C-4F9A-8686-3A51CB91BA83}.Ad-Hoc|Any CPU.ActiveCfg = Release|Any CPU
		{4608F773-5A7C-4F9A-8686-3A51CB91BA83}.Ad-Hoc|Any CPU.Build.0 = Release|Any CPU
		{4608F773-5A7C-4F9A-8686-3A51CB91BA83}.Ad-Hoc|iPhone.ActiveCfg = Release|Any CPU
		{4608F773-5A7C-4F9A-8686-3A51CB91BA83}.Ad-Hoc|iPhone.Build.0 = Release|Any CPU
		{4608F773-5A7C-4F9A-8686-3A51CB91BA83}.Ad-Hoc|iPhoneSimulator.ActiveCfg = Release|Any CPU
		{4608F773-5A7C-4F9A-8686-3A51CB91BA83}.Ad-Hoc|iPhoneSimulator.Build.0 = Release|Any CPU
		{4608F773-5A7C-4F9A-8686-3A51CB91BA83}.AppStore|Any CPU.ActiveCfg = Release|Any CPU
		{4608F773-5A7C-4F9A-8686-3A51CB91BA83}.AppStore|Any CPU.Build.0 = Release|Any CPU
		{4608F773-5A7C-4F9A-8686-3A51CB91BA83}.AppStore|iPhone.ActiveCfg = Release|Any CPU
		{4608F773-5A7C-4F9A-8686-3A51CB91BA83}.AppStore|iPhone.Build.0 = Release|Any CPU
		{4608F773-5A7C-4F9A-8686-3A51CB91BA83}.AppStore|iPhoneSimulator.ActiveCfg = Release|Any CPU
		{4608F773-5A7C-4F9A-8686-3A51CB91BA83}.AppStore|iPhoneSimulator.Build.0 = Release|Any CPU
		{4608F773-5A7C-4F9A-8686-3A51CB91BA83}.Debug|Any CPU.ActiveCfg = Debug|Any CPU
		{4608F773-5A7C-4F9A-8686-3A51CB91BA83}.Debug|Any CPU.Build.0 = Debug|Any CPU
		{4608F773-5A7C-4F9A-8686-3A51CB91BA83}.Debug|iPhone.ActiveCfg = Debug|Any CPU
		{4608F773-5A7C-4F9A-8686-3A51CB91BA83}.Debug|iPhone.Build.0 = Debug|Any CPU
		{4608F773-5A7C-4F9A-8686-3A51CB91BA83}.Debug|iPhoneSimulator.ActiveCfg = Debug|Any CPU
		{4608F773-5A7C-4F9A-8686-3A51CB91BA83}.Debug|iPhoneSimulator.Build.0 = Debug|Any CPU
		{4608F773-5A7C-4F9A-8686-3A51CB91BA83}.Release|Any CPU.ActiveCfg = Release|Any CPU
		{4608F773-5A7C-4F9A-8686-3A51CB91BA83}.Release|Any CPU.Build.0 = Release|Any CPU
		{4608F773-5A7C-4F9A-8686-3A51CB91BA83}.Release|iPhone.ActiveCfg = Release|Any CPU
		{4608F773-5A7C-4F9A-8686-3A51CB91BA83}.Release|iPhone.Build.0 = Release|Any CPU
		{4608F773-5A7C-4F9A-8686-3A51CB91BA83}.Release|iPhoneSimulator.ActiveCfg = Release|Any CPU
		{4608F773-5A7C-4F9A-8686-3A51CB91BA83}.Release|iPhoneSimulator.Build.0 = Release|Any CPU
		{C0187F30-76F2-472A-90E3-5F354EA58DDF}.Ad-Hoc|Any CPU.ActiveCfg = Release|Any CPU
		{C0187F30-76F2-472A-90E3-5F354EA58DDF}.Ad-Hoc|Any CPU.Build.0 = Release|Any CPU
		{C0187F30-76F2-472A-90E3-5F354EA58DDF}.Ad-Hoc|Any CPU.Deploy.0 = Release|Any CPU
		{C0187F30-76F2-472A-90E3-5F354EA58DDF}.Ad-Hoc|iPhone.ActiveCfg = Release|Any CPU
		{C0187F30-76F2-472A-90E3-5F354EA58DDF}.Ad-Hoc|iPhone.Build.0 = Release|Any CPU
		{C0187F30-76F2-472A-90E3-5F354EA58DDF}.Ad-Hoc|iPhone.Deploy.0 = Release|Any CPU
		{C0187F30-76F2-472A-90E3-5F354EA58DDF}.Ad-Hoc|iPhoneSimulator.ActiveCfg = Release|Any CPU
		{C0187F30-76F2-472A-90E3-5F354EA58DDF}.Ad-Hoc|iPhoneSimulator.Build.0 = Release|Any CPU
		{C0187F30-76F2-472A-90E3-5F354EA58DDF}.Ad-Hoc|iPhoneSimulator.Deploy.0 = Release|Any CPU
		{C0187F30-76F2-472A-90E3-5F354EA58DDF}.AppStore|Any CPU.ActiveCfg = Release|Any CPU
		{C0187F30-76F2-472A-90E3-5F354EA58DDF}.AppStore|Any CPU.Build.0 = Release|Any CPU
		{C0187F30-76F2-472A-90E3-5F354EA58DDF}.AppStore|Any CPU.Deploy.0 = Release|Any CPU
		{C0187F30-76F2-472A-90E3-5F354EA58DDF}.AppStore|iPhone.ActiveCfg = Release|Any CPU
		{C0187F30-76F2-472A-90E3-5F354EA58DDF}.AppStore|iPhone.Build.0 = Release|Any CPU
		{C0187F30-76F2-472A-90E3-5F354EA58DDF}.AppStore|iPhone.Deploy.0 = Release|Any CPU
		{C0187F30-76F2-472A-90E3-5F354EA58DDF}.AppStore|iPhoneSimulator.ActiveCfg = Release|Any CPU
		{C0187F30-76F2-472A-90E3-5F354EA58DDF}.AppStore|iPhoneSimulator.Build.0 = Release|Any CPU
		{C0187F30-76F2-472A-90E3-5F354EA58DDF}.AppStore|iPhoneSimulator.Deploy.0 = Release|Any CPU
		{C0187F30-76F2-472A-90E3-5F354EA58DDF}.Debug|Any CPU.ActiveCfg = Debug|Any CPU
		{C0187F30-76F2-472A-90E3-5F354EA58DDF}.Debug|Any CPU.Build.0 = Debug|Any CPU
		{C0187F30-76F2-472A-90E3-5F354EA58DDF}.Debug|Any CPU.Deploy.0 = Debug|Any CPU
		{C0187F30-76F2-472A-90E3-5F354EA58DDF}.Debug|iPhone.ActiveCfg = Debug|Any CPU
		{C0187F30-76F2-472A-90E3-5F354EA58DDF}.Debug|iPhone.Build.0 = Debug|Any CPU
		{C0187F30-76F2-472A-90E3-5F354EA58DDF}.Debug|iPhone.Deploy.0 = Debug|Any CPU
		{C0187F30-76F2-472A-90E3-5F354EA58DDF}.Debug|iPhoneSimulator.ActiveCfg = Debug|Any CPU
		{C0187F30-76F2-472A-90E3-5F354EA58DDF}.Debug|iPhoneSimulator.Build.0 = Debug|Any CPU
		{C0187F30-76F2-472A-90E3-5F354EA58DDF}.Debug|iPhoneSimulator.Deploy.0 = Debug|Any CPU
		{C0187F30-76F2-472A-90E3-5F354EA58DDF}.Release|Any CPU.ActiveCfg = Release|Any CPU
		{C0187F30-76F2-472A-90E3-5F354EA58DDF}.Release|Any CPU.Build.0 = Release|Any CPU
		{C0187F30-76F2-472A-90E3-5F354EA58DDF}.Release|Any CPU.Deploy.0 = Release|Any CPU
		{C0187F30-76F2-472A-90E3-5F354EA58DDF}.Release|iPhone.ActiveCfg = Release|Any CPU
		{C0187F30-76F2-472A-90E3-5F354EA58DDF}.Release|iPhone.Build.0 = Release|Any CPU
		{C0187F30-76F2-472A-90E3-5F354EA58DDF}.Release|iPhone.Deploy.0 = Release|Any CPU
		{C0187F30-76F2-472A-90E3-5F354EA58DDF}.Release|iPhoneSimulator.ActiveCfg = Release|Any CPU
		{C0187F30-76F2-472A-90E3-5F354EA58DDF}.Release|iPhoneSimulator.Build.0 = Release|Any CPU
		{C0187F30-76F2-472A-90E3-5F354EA58DDF}.Release|iPhoneSimulator.Deploy.0 = Release|Any CPU
		{9D179DDC-A3E0-49DC-A66B-9DFFF37C2DBC}.Ad-Hoc|Any CPU.ActiveCfg = Ad-Hoc|iPhone
		{9D179DDC-A3E0-49DC-A66B-9DFFF37C2DBC}.Ad-Hoc|iPhone.ActiveCfg = Ad-Hoc|iPhone
		{9D179DDC-A3E0-49DC-A66B-9DFFF37C2DBC}.Ad-Hoc|iPhone.Build.0 = Ad-Hoc|iPhone
		{9D179DDC-A3E0-49DC-A66B-9DFFF37C2DBC}.Ad-Hoc|iPhoneSimulator.ActiveCfg = Ad-Hoc|iPhoneSimulator
		{9D179DDC-A3E0-49DC-A66B-9DFFF37C2DBC}.Ad-Hoc|iPhoneSimulator.Build.0 = Ad-Hoc|iPhoneSimulator
		{9D179DDC-A3E0-49DC-A66B-9DFFF37C2DBC}.AppStore|Any CPU.ActiveCfg = AppStore|iPhone
		{9D179DDC-A3E0-49DC-A66B-9DFFF37C2DBC}.AppStore|iPhone.ActiveCfg = AppStore|iPhone
		{9D179DDC-A3E0-49DC-A66B-9DFFF37C2DBC}.AppStore|iPhone.Build.0 = AppStore|iPhone
		{9D179DDC-A3E0-49DC-A66B-9DFFF37C2DBC}.AppStore|iPhoneSimulator.ActiveCfg = AppStore|iPhoneSimulator
		{9D179DDC-A3E0-49DC-A66B-9DFFF37C2DBC}.AppStore|iPhoneSimulator.Build.0 = AppStore|iPhoneSimulator
		{9D179DDC-A3E0-49DC-A66B-9DFFF37C2DBC}.Debug|Any CPU.ActiveCfg = Debug|iPhone
		{9D179DDC-A3E0-49DC-A66B-9DFFF37C2DBC}.Debug|iPhone.ActiveCfg = Debug|iPhone
		{9D179DDC-A3E0-49DC-A66B-9DFFF37C2DBC}.Debug|iPhone.Build.0 = Debug|iPhone
		{9D179DDC-A3E0-49DC-A66B-9DFFF37C2DBC}.Debug|iPhoneSimulator.ActiveCfg = Debug|iPhoneSimulator
		{9D179DDC-A3E0-49DC-A66B-9DFFF37C2DBC}.Debug|iPhoneSimulator.Build.0 = Debug|iPhoneSimulator
		{9D179DDC-A3E0-49DC-A66B-9DFFF37C2DBC}.Release|Any CPU.ActiveCfg = Release|iPhone
		{9D179DDC-A3E0-49DC-A66B-9DFFF37C2DBC}.Release|iPhone.ActiveCfg = Release|iPhone
		{9D179DDC-A3E0-49DC-A66B-9DFFF37C2DBC}.Release|iPhone.Build.0 = Release|iPhone
		{9D179DDC-A3E0-49DC-A66B-9DFFF37C2DBC}.Release|iPhoneSimulator.ActiveCfg = Release|iPhoneSimulator
		{9D179DDC-A3E0-49DC-A66B-9DFFF37C2DBC}.Release|iPhoneSimulator.Build.0 = Release|iPhoneSimulator
		{5B02DEB3-1ED6-46F5-AF96-57EF7DAC9BFB}.Ad-Hoc|Any CPU.ActiveCfg = Debug|Any CPU
		{5B02DEB3-1ED6-46F5-AF96-57EF7DAC9BFB}.Ad-Hoc|Any CPU.Build.0 = Debug|Any CPU
		{5B02DEB3-1ED6-46F5-AF96-57EF7DAC9BFB}.Ad-Hoc|iPhone.ActiveCfg = Debug|Any CPU
		{5B02DEB3-1ED6-46F5-AF96-57EF7DAC9BFB}.Ad-Hoc|iPhone.Build.0 = Debug|Any CPU
		{5B02DEB3-1ED6-46F5-AF96-57EF7DAC9BFB}.Ad-Hoc|iPhoneSimulator.ActiveCfg = Debug|Any CPU
		{5B02DEB3-1ED6-46F5-AF96-57EF7DAC9BFB}.Ad-Hoc|iPhoneSimulator.Build.0 = Debug|Any CPU
		{5B02DEB3-1ED6-46F5-AF96-57EF7DAC9BFB}.AppStore|Any CPU.ActiveCfg = Debug|Any CPU
		{5B02DEB3-1ED6-46F5-AF96-57EF7DAC9BFB}.AppStore|Any CPU.Build.0 = Debug|Any CPU
		{5B02DEB3-1ED6-46F5-AF96-57EF7DAC9BFB}.AppStore|iPhone.ActiveCfg = Debug|Any CPU
		{5B02DEB3-1ED6-46F5-AF96-57EF7DAC9BFB}.AppStore|iPhone.Build.0 = Debug|Any CPU
		{5B02DEB3-1ED6-46F5-AF96-57EF7DAC9BFB}.AppStore|iPhoneSimulator.ActiveCfg = Debug|Any CPU
		{5B02DEB3-1ED6-46F5-AF96-57EF7DAC9BFB}.AppStore|iPhoneSimulator.Build.0 = Debug|Any CPU
		{5B02DEB3-1ED6-46F5-AF96-57EF7DAC9BFB}.Debug|Any CPU.ActiveCfg = Debug|Any CPU
		{5B02DEB3-1ED6-46F5-AF96-57EF7DAC9BFB}.Debug|Any CPU.Build.0 = Debug|Any CPU
		{5B02DEB3-1ED6-46F5-AF96-57EF7DAC9BFB}.Debug|iPhone.ActiveCfg = Debug|Any CPU
		{5B02DEB3-1ED6-46F5-AF96-57EF7DAC9BFB}.Debug|iPhone.Build.0 = Debug|Any CPU
		{5B02DEB3-1ED6-46F5-AF96-57EF7DAC9BFB}.Debug|iPhoneSimulator.ActiveCfg = Debug|Any CPU
		{5B02DEB3-1ED6-46F5-AF96-57EF7DAC9BFB}.Debug|iPhoneSimulator.Build.0 = Debug|Any CPU
		{5B02DEB3-1ED6-46F5-AF96-57EF7DAC9BFB}.Release|Any CPU.ActiveCfg = Release|Any CPU
		{5B02DEB3-1ED6-46F5-AF96-57EF7DAC9BFB}.Release|Any CPU.Build.0 = Release|Any CPU
		{5B02DEB3-1ED6-46F5-AF96-57EF7DAC9BFB}.Release|iPhone.ActiveCfg = Release|Any CPU
		{5B02DEB3-1ED6-46F5-AF96-57EF7DAC9BFB}.Release|iPhone.Build.0 = Release|Any CPU
		{5B02DEB3-1ED6-46F5-AF96-57EF7DAC9BFB}.Release|iPhoneSimulator.ActiveCfg = Release|Any CPU
		{5B02DEB3-1ED6-46F5-AF96-57EF7DAC9BFB}.Release|iPhoneSimulator.Build.0 = Release|Any CPU
	EndGlobalSection
	GlobalSection(SolutionProperties) = preSolution
		HideSolutionNode = FALSE
	EndGlobalSection
	GlobalSection(ExtensibilityGlobals) = postSolution
		SolutionGuid = {EA0701A0-550F-4D6F-810B-443DA304548F}
	EndGlobalSection
EndGlobal
